# THIS IS AN AUTOGENERATED FILE. DO NOT EDIT THIS FILE DIRECTLY.
# yarn lockfile v1


dialog-polyfill@^0.5.0:
  version "0.5.0"
  resolved "https://registry.yarnpkg.com/dialog-polyfill/-/dialog-polyfill-0.5.0.tgz#bf67bc67abaf538e44fff80f2f71ff132befadd7"
  integrity sha512-fOj68T8KB6UIsDFmK7zYbmORJMLYkRmtsLM1W6wbCVUWu4Hdcud5bqbvuueTxO84JXtK9HcpCHV9vNwlWUdCIw==
